
Microsoft Visual Studio Solution File, Format Version 12.00
# Visual Studio Version 17
VisualStudioVersion = 17.2.32630.192
MinimumVisualStudioVersion = 10.0.40219.1
Project("{9A19103F-16F7-4668-BE54-9A1E7A4F7556}") = "WebApplication1-API", "WebApplication1-API\WebApplication1-API.csproj", "{2475A5D5-203E-4268-8AC1-8042A75F2210}"
EndProject
Project("{9A19103F-16F7-4668-BE54-9A1E7A4F7556}") = "DataAccessLayers", "DataAccessLayers\DataAccessLayers.csproj", "{FA6DF9DD-1D0C-4180-8412-7E972412EB37}"
EndProject
Project("{FAE04EC0-301F-11D3-BF4B-00C04F79EFBC}") = "AspNetIdentity.Shared", "AspNetIdentity.Shared\AspNetIdentity.Shared.csproj", "{9500CA4F-94B9-490D-8CBD-395AEC99829E}"
EndProject
Global
	GlobalSection(SolutionConfigurationPlatforms) = preSolution
		Debug|Any CPU = Debug|Any CPU
		Release|Any CPU = Release|Any CPU
	EndGlobalSection
	GlobalSection(ProjectConfigurationPlatforms) = postSolution
		{2475A5D5-203E-4268-8AC1-8042A75F2210}.Debug|Any CPU.ActiveCfg = Debug|Any CPU
		{2475A5D5-203E-4268-8AC1-8042A75F2210}.Debug|Any CPU.Build.0 = Debug|Any CPU
		{2475A5D5-203E-4268-8AC1-8042A75F2210}.Release|Any CPU.ActiveCfg = Release|Any CPU
		{2475A5D5-203E-4268-8AC1-8042A75F2210}.Release|Any CPU.Build.0 = Release|Any CPU
		{FA6DF9DD-1D0C-4180-8412-7E972412EB37}.Debug|Any CPU.ActiveCfg = Debug|Any CPU
		{FA6DF9DD-1D0C-4180-8412-7E972412EB37}.Debug|Any CPU.Build.0 = Debug|Any CPU
		{FA6DF9DD-1D0C-4180-8412-7E972412EB37}.Release|Any CPU.ActiveCfg = Release|Any CPU
		{FA6DF9DD-1D0C-4180-8412-7E972412EB37}.Release|Any CPU.Build.0 = Release|Any CPU
		{9500CA4F-94B9-490D-8CBD-395AEC99829E}.Debug|Any CPU.ActiveCfg = Debug|Any CPU
		{9500CA4F-94B9-490D-8CBD-395AEC99829E}.Debug|Any CPU.Build.0 = Debug|Any CPU
		{9500CA4F-94B9-490D-8CBD-395AEC99829E}.Release|Any CPU.ActiveCfg = Release|Any CPU
		{9500CA4F-94B9-490D-8CBD-395AEC99829E}.Release|Any CPU.Build.0 = Release|Any CPU
	EndGlobalSection
	GlobalSection(SolutionProperties) = preSolution
		HideSolutionNode = FALSE
	EndGlobalSection
	GlobalSection(ExtensibilityGlobals) = postSolution
		SolutionGuid = {63356A08-A362-4377-A00A-C9E2BD28E110}
	EndGlobalSection
EndGlobal
